
Microsoft Visual Studio Solution File, Format Version 12.00
Project("{FAE04EC0-301F-11D3-BF4B-00C04F79EFBC}") = "WebApi", "WebApi\WebApi.csproj", "{F9F99FF7-6238-4D40-84E8-2F4AE67142DA}"
EndProject
Project("{FAE04EC0-301F-11D3-BF4B-00C04F79EFBC}") = "Domain", "Domain\Domain.csproj", "{7CCD63A1-EDF2-4815-AAEA-1C215CFE677C}"
EndProject
Project("{FAE04EC0-301F-11D3-BF4B-00C04F79EFBC}") = "Application", "Application\Application.csproj", "{7DFAB00D-C14B-459F-A543-48FD5FC27B36}"
EndProject
Project("{FAE04EC0-301F-11D3-BF4B-00C04F79EFBC}") = "DataAccess", "DataAccess\DataAccess.csproj", "{F4C7A04E-63CF-4CE1-A242-247221F77CD3}"
EndProject
Global
	GlobalSection(SolutionConfigurationPlatforms) = preSolution
		Debug|Any CPU = Debug|Any CPU
		Release|Any CPU = Release|Any CPU
	EndGlobalSection
	GlobalSection(ProjectConfigurationPlatforms) = postSolution
		{F9F99FF7-6238-4D40-84E8-2F4AE67142DA}.Debug|Any CPU.ActiveCfg = Debug|Any CPU
		{F9F99FF7-6238-4D40-84E8-2F4AE67142DA}.Debug|Any CPU.Build.0 = Debug|Any CPU
		{F9F99FF7-6238-4D40-84E8-2F4AE67142DA}.Release|Any CPU.ActiveCfg = Release|Any CPU
		{F9F99FF7-6238-4D40-84E8-2F4AE67142DA}.Release|Any CPU.Build.0 = Release|Any CPU
		{7CCD63A1-EDF2-4815-AAEA-1C215CFE677C}.Debug|Any CPU.ActiveCfg = Debug|Any CPU
		{7CCD63A1-EDF2-4815-AAEA-1C215CFE677C}.Debug|Any CPU.Build.0 = Debug|Any CPU
		{7CCD63A1-EDF2-4815-AAEA-1C215CFE677C}.Release|Any CPU.ActiveCfg = Release|Any CPU
		{7CCD63A1-EDF2-4815-AAEA-1C215CFE677C}.Release|Any CPU.Build.0 = Release|Any CPU
		{7DFAB00D-C14B-459F-A543-48FD5FC27B36}.Debug|Any CPU.ActiveCfg = Debug|Any CPU
		{7DFAB00D-C14B-459F-A543-48FD5FC27B36}.Debug|Any CPU.Build.0 = Debug|Any CPU
		{7DFAB00D-C14B-459F-A543-48FD5FC27B36}.Release|Any CPU.ActiveCfg = Release|Any CPU
		{7DFAB00D-C14B-459F-A543-48FD5FC27B36}.Release|Any CPU.Build.0 = Release|Any CPU
		{F4C7A04E-63CF-4CE1-A242-247221F77CD3}.Debug|Any CPU.ActiveCfg = Debug|Any CPU
		{F4C7A04E-63CF-4CE1-A242-247221F77CD3}.Debug|Any CPU.Build.0 = Debug|Any CPU
		{F4C7A04E-63CF-4CE1-A242-247221F77CD3}.Release|Any CPU.ActiveCfg = Release|Any CPU
		{F4C7A04E-63CF-4CE1-A242-247221F77CD3}.Release|Any CPU.Build.0 = Release|Any CPU
	EndGlobalSection
EndGlobal
